{
  "name": "@andrewsuzuki/imgur-uploader",
  "version": "0.1.3",
  "lockfileVersion": 3,
  "requires": true,
  "packages": {
    "": {
      "name": "@andrewsuzuki/imgur-uploader",
      "version": "0.1.3",
      "license": "MIT",
      "bin": {
        "imgur-uploader": "imgur-uploader.js"
      },
      "engines": {
        "node": ">=16.0.0"
      }
    }
  }
}
